
Microsoft Visual Studio Solution File, Format Version 12.00
Project("{FAE04EC0-301F-11D3-BF4B-00C04F79EFBC}") = "MonoAssembly", "MonoAssembly\MonoAssembly.csproj", "{973B9678-0696-4815-8733-BF08DEB65973}"
EndProject
Global
	GlobalSection(SolutionConfigurationPlatforms) = preSolution
		Debug|Any CPU = Debug|Any CPU
		Release|Any CPU = Release|Any CPU
	EndGlobalSection
	GlobalSection(ProjectConfigurationPlatforms) = postSolution
		{973B9678-0696-4815-8733-BF08DEB65973}.Debug|Any CPU.ActiveCfg = Debug|Any CPU
		{973B9678-0696-4815-8733-BF08DEB65973}.Debug|Any CPU.Build.0 = Debug|Any CPU
		{973B9678-0696-4815-8733-BF08DEB65973}.Release|Any CPU.ActiveCfg = Release|Any CPU
		{973B9678-0696-4815-8733-BF08DEB65973}.Release|Any CPU.Build.0 = Release|Any CPU
	EndGlobalSection
EndGlobal
